
Microsoft Visual Studio Solution File, Format Version 12.00
# Visual Studio Version 16
VisualStudioVersion = 16.0.30002.166
MinimumVisualStudioVersion = 10.0.40219.1
Project("{FAE04EC0-301F-11D3-BF4B-00C04F79EFBC}") = "SharpWifiGrabber", "SharpWifiGrabber\SharpWifiGrabber.csproj", "{C0997698-2B73-4982-B25B-D0578D1323C2}"
EndProject
Global
	GlobalSection(SolutionConfigurationPlatforms) = preSolution
		Debug|Any CPU = Debug|Any CPU
		Release|Any CPU = Release|Any CPU
	EndGlobalSection
	GlobalSection(ProjectConfigurationPlatforms) = postSolution
		{C0997698-2B73-4982-B25B-D0578D1323C2}.Debug|Any CPU.ActiveCfg = Debug|Any CPU
		{C0997698-2B73-4982-B25B-D0578D1323C2}.Debug|Any CPU.Build.0 = Debug|Any CPU
		{C0997698-2B73-4982-B25B-D0578D1323C2}.Release|Any CPU.ActiveCfg = Release|Any CPU
		{C0997698-2B73-4982-B25B-D0578D1323C2}.Release|Any CPU.Build.0 = Release|Any CPU
	EndGlobalSection
	GlobalSection(SolutionProperties) = preSolution
		HideSolutionNode = FALSE
	EndGlobalSection
	GlobalSection(ExtensibilityGlobals) = postSolution
		SolutionGuid = {B18D8AD7-BB59-4DA5-BF8B-ED5CCD9C4365}
	EndGlobalSection
EndGlobal
